[[package]]
name = "aiounittest"
version = "1.4.1"
description = "Test asyncio code more easily."
category = "dev"
optional = false
python-versions = "*"

[package.dependencies]
wrapt = "*"

[[package]]
name = "colorama"
version = "0.4.4"
description = "Cross-platform colored terminal text."
category = "dev"
optional = false
python-versions = ">=2.7, !=3.0.*, !=3.1.*, !=3.2.*, !=3.3.*, !=3.4.*"

[[package]]
name = "distlib"
version = "0.3.4"
description = "Distribution utilities"
category = "dev"
optional = false
python-versions = "*"

[[package]]
name = "filelock"
version = "3.4.2"
description = "A platform independent file lock."
category = "dev"
optional = false
python-versions = ">=3.7"

[package.extras]
docs = ["furo (>=2021.8.17b43)", "sphinx (>=4.1)", "sphinx-autodoc-typehints (>=1.12)"]
testing = ["covdefaults (>=1.2.0)", "coverage (>=4)", "pytest (>=4)", "pytest-cov", "pytest-timeout (>=1.4.2)"]

[[package]]
name = "importlib-metadata"
version = "4.10.1"
description = "Read metadata from Python packages"
category = "dev"
optional = false
python-versions = ">=3.7"

[package.dependencies]
typing-extensions = {version = ">=3.6.4", markers = "python_version < \"3.8\""}
zipp = ">=0.5"

[package.extras]
docs = ["sphinx", "jaraco.packaging (>=8.2)", "rst.linker (>=1.9)"]
perf = ["ipython"]
testing = ["pytest (>=6)", "pytest-checkdocs (>=2.4)", "pytest-flake8", "pytest-cov", "pytest-enabler (>=1.0.1)", "packaging", "pyfakefs", "flufl.flake8", "pytest-perf (>=0.9.2)", "pytest-black (>=0.3.7)", "pytest-mypy", "importlib-resources (>=1.3)"]

[[package]]
name = "packaging"
version = "21.3"
description = "Core utilities for Python packages"
category = "dev"
optional = false
python-versions = ">=3.6"

[package.dependencies]
pyparsing = ">=2.0.2,<3.0.5 || >3.0.5"

[[package]]
name = "platformdirs"
version = "2.4.1"
description = "A small Python module for determining appropriate platform-specific dirs, e.g. a \"user data dir\"."
category = "dev"
optional = false
python-versions = ">=3.7"

[package.extras]
docs = ["Sphinx (>=4)", "furo (>=2021.7.5b38)", "proselint (>=0.10.2)", "sphinx-autodoc-typehints (>=1.12)"]
test = ["appdirs (==1.4.4)", "pytest (>=6)", "pytest-cov (>=2.7)", "pytest-mock (>=3.6)"]

[[package]]
name = "pluggy"
version = "1.0.0"
description = "plugin and hook calling mechanisms for python"
category = "dev"
optional = false
python-versions = ">=3.6"

[package.dependencies]
importlib-metadata = {version = ">=0.12", markers = "python_version < \"3.8\""}

[package.extras]
dev = ["pre-commit", "tox"]
testing = ["pytest", "pytest-benchmark"]

[[package]]
name = "py"
version = "1.11.0"
description = "library with cross-python path, ini-parsing, io, code, log facilities"
category = "dev"
optional = false
python-versions = ">=2.7, !=3.0.*, !=3.1.*, !=3.2.*, !=3.3.*, !=3.4.*"

[[package]]
name = "pyparsing"
version = "3.0.7"
description = "Python parsing module"
category = "dev"
optional = false
python-versions = ">=3.6"

[package.extras]
diagrams = ["jinja2", "railroad-diagrams"]

[[package]]
name = "six"
version = "1.16.0"
description = "Python 2 and 3 compatibility utilities"
category = "dev"
optional = false
python-versions = ">=2.7, !=3.0.*, !=3.1.*, !=3.2.*"

[[package]]
name = "toml"
version = "0.10.2"
description = "Python Library for Tom's Obvious, Minimal Language"
category = "dev"
optional = false
python-versions = ">=2.6, !=3.0.*, !=3.1.*, !=3.2.*"

[[package]]
name = "tox"
version = "3.24.5"
description = "tox is a generic virtualenv management and test command line tool"
category = "dev"
optional = false
python-versions = "!=3.0.*,!=3.1.*,!=3.2.*,!=3.3.*,!=3.4.*,>=2.7"

[package.dependencies]
colorama = {version = ">=0.4.1", markers = "platform_system == \"Windows\""}
filelock = ">=3.0.0"
importlib-metadata = {version = ">=0.12", markers = "python_version < \"3.8\""}
packaging = ">=14"
pluggy = ">=0.12.0"
py = ">=1.4.17"
six = ">=1.14.0"
toml = ">=0.9.4"
virtualenv = ">=16.0.0,<20.0.0 || >20.0.0,<20.0.1 || >20.0.1,<20.0.2 || >20.0.2,<20.0.3 || >20.0.3,<20.0.4 || >20.0.4,<20.0.5 || >20.0.5,<20.0.6 || >20.0.6,<20.0.7 || >20.0.7"

[package.extras]
docs = ["pygments-github-lexers (>=0.0.5)", "sphinx (>=2.0.0)", "sphinxcontrib-autoprogram (>=0.1.5)", "towncrier (>=18.5.0)"]
testing = ["flaky (>=3.4.0)", "freezegun (>=0.3.11)", "pytest (>=4.0.0)", "pytest-cov (>=2.5.1)", "pytest-mock (>=1.10.0)", "pytest-randomly (>=1.0.0)", "psutil (>=5.6.1)", "pathlib2 (>=2.3.3)"]

[[package]]
name = "tox-pyenv"
version = "1.1.0"
description = "tox plugin that makes tox use `pyenv which` to find python executables"
category = "dev"
optional = false
python-versions = "*"

[package.dependencies]
tox = ">=2.0"

[[package]]
name = "typing-extensions"
version = "4.0.1"
description = "Backported and Experimental Type Hints for Python 3.6+"
category = "dev"
optional = false
python-versions = ">=3.6"

[[package]]
name = "virtualenv"
version = "20.13.1"
description = "Virtual Python Environment builder"
category = "dev"
optional = false
python-versions = "!=3.0.*,!=3.1.*,!=3.2.*,!=3.3.*,!=3.4.*,>=2.7"

[package.dependencies]
distlib = ">=0.3.1,<1"
filelock = ">=3.2,<4"
importlib-metadata = {version = ">=0.12", markers = "python_version < \"3.8\""}
platformdirs = ">=2,<3"
six = ">=1.9.0,<2"

[package.extras]
docs = ["proselint (>=0.10.2)", "sphinx (>=3)", "sphinx-argparse (>=0.2.5)", "sphinx-rtd-theme (>=0.4.3)", "towncrier (>=21.3)"]
testing = ["coverage (>=4)", "coverage-enable-subprocess (>=1)", "flaky (>=3)", "pytest (>=4)", "pytest-env (>=0.6.2)", "pytest-freezegun (>=0.4.1)", "pytest-mock (>=2)", "pytest-randomly (>=1)", "pytest-timeout (>=1)", "packaging (>=20.0)"]

[[package]]
name = "wrapt"
version = "1.13.3"
description = "Module for decorators, wrappers and monkey patching."
category = "dev"
optional = false
python-versions = "!=3.0.*,!=3.1.*,!=3.2.*,!=3.3.*,!=3.4.*,>=2.7"

[[package]]
name = "zipp"
version = "3.7.0"
description = "Backport of pathlib-compatible object wrapper for zip files"
category = "dev"
optional = false
python-versions = ">=3.7"

[package.extras]
docs = ["sphinx", "jaraco.packaging (>=8.2)", "rst.linker (>=1.9)"]
testing = ["pytest (>=6)", "pytest-checkdocs (>=2.4)", "pytest-flake8", "pytest-cov", "pytest-enabler (>=1.0.1)", "jaraco.itertools", "func-timeout", "pytest-black (>=0.3.7)", "pytest-mypy"]

[metadata]
lock-version = "1.1"
python-versions = "^3.7"
content-hash = "153de345147fdbfa737d15ac9f25b9d33935eff35696909ceeede54b5564ed77"

[metadata.files]
aiounittest = [
    {file = "aiounittest-1.4.1-py3-none-any.whl", hash = "sha256:c41ea2ae679ea426d0666b5e5c338119b999a9ba5c13ec08ab27f025147ee372"},
    {file = "aiounittest-1.4.1.tar.gz", hash = "sha256:bf51a4a430d28b1a527abb0bea1465a3a36a2bbca13bf9b84e749985b4c5a788"},
]
colorama = [
    {file = "colorama-0.4.4-py2.py3-none-any.whl", hash = "sha256:9f47eda37229f68eee03b24b9748937c7dc3868f906e8ba69fbcbdd3bc5dc3e2"},
    {file = "colorama-0.4.4.tar.gz", hash = "sha256:5941b2b48a20143d2267e95b1c2a7603ce057ee39fd88e7329b0c292aa16869b"},
]
distlib = [
    {file = "distlib-0.3.4-py2.py3-none-any.whl", hash = "sha256:6564fe0a8f51e734df6333d08b8b94d4ea8ee6b99b5ed50613f731fd4089f34b"},
    {file = "distlib-0.3.4.zip", hash = "sha256:e4b58818180336dc9c529bfb9a0b58728ffc09ad92027a3f30b7cd91e3458579"},
]
filelock = [
    {file = "filelock-3.4.2-py3-none-any.whl", hash = "sha256:cf0fc6a2f8d26bd900f19bf33915ca70ba4dd8c56903eeb14e1e7a2fd7590146"},
    {file = "filelock-3.4.2.tar.gz", hash = "sha256:38b4f4c989f9d06d44524df1b24bd19e167d851f19b50bf3e3559952dddc5b80"},
]
importlib-metadata = [
    {file = "importlib_metadata-4.10.1-py3-none-any.whl", hash = "sha256:899e2a40a8c4a1aec681feef45733de8a6c58f3f6a0dbed2eb6574b4387a77b6"},
    {file = "importlib_metadata-4.10.1.tar.gz", hash = "sha256:951f0d8a5b7260e9db5e41d429285b5f451e928479f19d80818878527d36e95e"},
]
packaging = [
    {file = "packaging-21.3-py3-none-any.whl", hash = "sha256:ef103e05f519cdc783ae24ea4e2e0f508a9c99b2d4969652eed6a2e1ea5bd522"},
    {file = "packaging-21.3.tar.gz", hash = "sha256:dd47c42927d89ab911e606518907cc2d3a1f38bbd026385970643f9c5b8ecfeb"},
]
platformdirs = [
    {file = "platformdirs-2.4.1-py3-none-any.whl", hash = "sha256:1d7385c7db91728b83efd0ca99a5afb296cab9d0ed8313a45ed8ba17967ecfca"},
    {file = "platformdirs-2.4.1.tar.gz", hash = "sha256:440633ddfebcc36264232365d7840a970e75e1018d15b4327d11f91909045fda"},
]
pluggy = [
    {file = "pluggy-1.0.0-py2.py3-none-any.whl", hash = "sha256:74134bbf457f031a36d68416e1509f34bd5ccc019f0bcc952c7b909d06b37bd3"},
    {file = "pluggy-1.0.0.tar.gz", hash = "sha256:4224373bacce55f955a878bf9cfa763c1e360858e330072059e10bad68531159"},
]
py = [
    {file = "py-1.11.0-py2.py3-none-any.whl", hash = "sha256:607c53218732647dff4acdfcd50cb62615cedf612e72d1724fb1a0cc6405b378"},
    {file = "py-1.11.0.tar.gz", hash = "sha256:51c75c4126074b472f746a24399ad32f6053d1b34b68d2fa41e558e6f4a98719"},
]
pyparsing = [
    {file = "pyparsing-3.0.7-py3-none-any.whl", hash = "sha256:a6c06a88f252e6c322f65faf8f418b16213b51bdfaece0524c1c1bc30c63c484"},
    {file = "pyparsing-3.0.7.tar.gz", hash = "sha256:18ee9022775d270c55187733956460083db60b37d0d0fb357445f3094eed3eea"},
]
six = [
    {file = "six-1.16.0-py2.py3-none-any.whl", hash = "sha256:8abb2f1d86890a2dfb989f9a77cfcfd3e47c2a354b01111771326f8aa26e0254"},
    {file = "six-1.16.0.tar.gz", hash = "sha256:1e61c37477a1626458e36f7b1d82aa5c9b094fa4802892072e49de9c60c4c926"},
]
toml = [
    {file = "toml-0.10.2-py2.py3-none-any.whl", hash = "sha256:806143ae5bfb6a3c6e736a764057db0e6a0e05e338b5630894a5f779cabb4f9b"},
    {file = "toml-0.10.2.tar.gz", hash = "sha256:b3bda1d108d5dd99f4a20d24d9c348e91c4db7ab1b749200bded2f839ccbe68f"},
]
tox = [
    {file = "tox-3.24.5-py2.py3-none-any.whl", hash = "sha256:be3362472a33094bce26727f5f771ca0facf6dafa217f65875314e9a6600c95c"},
    {file = "tox-3.24.5.tar.gz", hash = "sha256:67e0e32c90e278251fea45b696d0fef3879089ccbe979b0c556d35d5a70e2993"},
]
tox-pyenv = [
    {file = "tox-pyenv-1.1.0.tar.gz", hash = "sha256:916c2213577aec0b3b5452c5bfb32fd077f3a3196f50a81ad57d7ef3fc2599e4"},
    {file = "tox_pyenv-1.1.0-py2.py3-none-any.whl", hash = "sha256:e470c18af115fe52eeff95e7e3cdd0793613eca19709966fc2724b79d55246cb"},
]
typing-extensions = [
    {file = "typing_extensions-4.0.1-py3-none-any.whl", hash = "sha256:7f001e5ac290a0c0401508864c7ec868be4e701886d5b573a9528ed3973d9d3b"},
    {file = "typing_extensions-4.0.1.tar.gz", hash = "sha256:4ca091dea149f945ec56afb48dae714f21e8692ef22a395223bcd328961b6a0e"},
]
virtualenv = [
    {file = "virtualenv-20.13.1-py2.py3-none-any.whl", hash = "sha256:45e1d053cad4cd453181ae877c4ffc053546ae99e7dd049b9ff1d9be7491abf7"},
    {file = "virtualenv-20.13.1.tar.gz", hash = "sha256:e0621bcbf4160e4e1030f05065c8834b4e93f4fcc223255db2a823440aca9c14"},
]
wrapt = [
    {file = "wrapt-1.13.3-cp27-cp27m-macosx_10_9_x86_64.whl", hash = "sha256:e05e60ff3b2b0342153be4d1b597bbcfd8330890056b9619f4ad6b8d5c96a81a"},
    {file = "wrapt-1.13.3-cp27-cp27m-manylinux1_i686.whl", hash = "sha256:85148f4225287b6a0665eef08a178c15097366d46b210574a658c1ff5b377489"},
    {file = "wrapt-1.13.3-cp27-cp27m-manylinux1_x86_64.whl", hash = "sha256:2dded5496e8f1592ec27079b28b6ad2a1ef0b9296d270f77b8e4a3a796cf6909"},
    {file = "wrapt-1.13.3-cp27-cp27m-manylinux2010_i686.whl", hash = "sha256:e94b7d9deaa4cc7bac9198a58a7240aaf87fe56c6277ee25fa5b3aa1edebd229"},
    {file = "wrapt-1.13.3-cp27-cp27m-manylinux2010_x86_64.whl", hash = "sha256:498e6217523111d07cd67e87a791f5e9ee769f9241fcf8a379696e25806965af"},
    {file = "wrapt-1.13.3-cp27-cp27mu-manylinux1_i686.whl", hash = "sha256:ec7e20258ecc5174029a0f391e1b948bf2906cd64c198a9b8b281b811cbc04de"},
    {file = "wrapt-1.13.3-cp27-cp27mu-manylinux1_x86_64.whl", hash = "sha256:87883690cae293541e08ba2da22cacaae0a092e0ed56bbba8d018cc486fbafbb"},
    {file = "wrapt-1.13.3-cp27-cp27mu-manylinux2010_i686.whl", hash = "sha256:f99c0489258086308aad4ae57da9e8ecf9e1f3f30fa35d5e170b4d4896554d80"},
    {file = "wrapt-1.13.3-cp27-cp27mu-manylinux2010_x86_64.whl", hash = "sha256:6a03d9917aee887690aa3f1747ce634e610f6db6f6b332b35c2dd89412912bca"},
    {file = "wrapt-1.13.3-cp310-cp310-macosx_10_9_x86_64.whl", hash = "sha256:936503cb0a6ed28dbfa87e8fcd0a56458822144e9d11a49ccee6d9a8adb2ac44"},
    {file = "wrapt-1.13.3-cp310-cp310-manylinux_2_5_i686.manylinux1_i686.manylinux_2_12_i686.manylinux2010_i686.whl", hash = "sha256:f9c51d9af9abb899bd34ace878fbec8bf357b3194a10c4e8e0a25512826ef056"},
    {file = "wrapt-1.13.3-cp310-cp310-manylinux_2_5_x86_64.manylinux1_x86_64.manylinux_2_12_x86_64.manylinux2010_x86_64.whl", hash = "sha256:220a869982ea9023e163ba915077816ca439489de6d2c09089b219f4e11b6785"},
    {file = "wrapt-1.13.3-cp310-cp310-musllinux_1_1_i686.whl", hash = "sha256:0877fe981fd76b183711d767500e6b3111378ed2043c145e21816ee589d91096"},
    {file = "wrapt-1.13.3-cp310-cp310-musllinux_1_1_x86_64.whl", hash = "sha256:43e69ffe47e3609a6aec0fe723001c60c65305784d964f5007d5b4fb1bc6bf33"},
    {file = "wrapt-1.13.3-cp310-cp310-win32.whl", hash = "sha256:78dea98c81915bbf510eb6a3c9c24915e4660302937b9ae05a0947164248020f"},
    {file = "wrapt-1.13.3-cp310-cp310-win_amd64.whl", hash = "sha256:ea3e746e29d4000cd98d572f3ee2a6050a4f784bb536f4ac1f035987fc1ed83e"},
    {file = "wrapt-1.13.3-cp35-cp35m-manylinux1_i686.whl", hash = "sha256:8c73c1a2ec7c98d7eaded149f6d225a692caa1bd7b2401a14125446e9e90410d"},
    {file = "wrapt-1.13.3-cp35-cp35m-manylinux1_x86_64.whl", hash = "sha256:086218a72ec7d986a3eddb7707c8c4526d677c7b35e355875a0fe2918b059179"},
    {file = "wrapt-1.13.3-cp35-cp35m-manylinux2010_i686.whl", hash = "sha256:e92d0d4fa68ea0c02d39f1e2f9cb5bc4b4a71e8c442207433d8db47ee79d7aa3"},
    {file = "wrapt-1.13.3-cp35-cp35m-manylinux2010_x86_64.whl", hash = "sha256:d4a5f6146cfa5c7ba0134249665acd322a70d1ea61732723c7d3e8cc0fa80755"},
    {file = "wrapt-1.13.3-cp35-cp35m-win32.whl", hash = "sha256:8aab36778fa9bba1a8f06a4919556f9f8c7b33102bd71b3ab307bb3fecb21851"},
    {file = "wrapt-1.13.3-cp35-cp35m-win_amd64.whl", hash = "sha256:944b180f61f5e36c0634d3202ba8509b986b5fbaf57db3e94df11abee244ba13"},
    {file = "wrapt-1.13.3-cp36-cp36m-macosx_10_9_x86_64.whl", hash = "sha256:2ebdde19cd3c8cdf8df3fc165bc7827334bc4e353465048b36f7deeae8ee0918"},
    {file = "wrapt-1.13.3-cp36-cp36m-manylinux_2_5_i686.manylinux1_i686.manylinux_2_12_i686.manylinux2010_i686.whl", hash = "sha256:610f5f83dd1e0ad40254c306f4764fcdc846641f120c3cf424ff57a19d5f7ade"},
    {file = "wrapt-1.13.3-cp36-cp36m-manylinux_2_5_x86_64.manylinux1_x86_64.manylinux_2_12_x86_64.manylinux2010_x86_64.whl", hash = "sha256:5601f44a0f38fed36cc07db004f0eedeaadbdcec90e4e90509480e7e6060a5bc"},
    {file = "wrapt-1.13.3-cp36-cp36m-musllinux_1_1_i686.whl", hash = "sha256:e6906d6f48437dfd80464f7d7af1740eadc572b9f7a4301e7dd3d65db285cacf"},
    {file = "wrapt-1.13.3-cp36-cp36m-musllinux_1_1_x86_64.whl", hash = "sha256:766b32c762e07e26f50d8a3468e3b4228b3736c805018e4b0ec8cc01ecd88125"},
    {file = "wrapt-1.13.3-cp36-cp36m-win32.whl", hash = "sha256:5f223101f21cfd41deec8ce3889dc59f88a59b409db028c469c9b20cfeefbe36"},
    {file = "wrapt-1.13.3-cp36-cp36m-win_amd64.whl", hash = "sha256:f122ccd12fdc69628786d0c947bdd9cb2733be8f800d88b5a37c57f1f1d73c10"},
    {file = "wrapt-1.13.3-cp37-cp37m-macosx_10_9_x86_64.whl", hash = "sha256:46f7f3af321a573fc0c3586612db4decb7eb37172af1bc6173d81f5b66c2e068"},
    {file = "wrapt-1.13.3-cp37-cp37m-manylinux_2_5_i686.manylinux1_i686.manylinux_2_12_i686.manylinux2010_i686.whl", hash = "sha256:778fd096ee96890c10ce96187c76b3e99b2da44e08c9e24d5652f356873f6709"},
    {file = "wrapt-1.13.3-cp37-cp37m-manylinux_2_5_x86_64.manylinux1_x86_64.manylinux_2_12_x86_64.manylinux2010_x86_64.whl", hash = "sha256:0cb23d36ed03bf46b894cfec777eec754146d68429c30431c99ef28482b5c1df"},
    {file = "wrapt-1.13.3-cp37-cp37m-musllinux_1_1_i686.whl", hash = "sha256:96b81ae75591a795d8c90edc0bfaab44d3d41ffc1aae4d994c5aa21d9b8e19a2"},
    {file = "wrapt-1.13.3-cp37-cp37m-musllinux_1_1_x86_64.whl", hash = "sha256:7dd215e4e8514004c8d810a73e342c536547038fb130205ec4bba9f5de35d45b"},
    {file = "wrapt-1.13.3-cp37-cp37m-win32.whl", hash = "sha256:47f0a183743e7f71f29e4e21574ad3fa95676136f45b91afcf83f6a050914829"},
    {file = "wrapt-1.13.3-cp37-cp37m-win_amd64.whl", hash = "sha256:fd76c47f20984b43d93de9a82011bb6e5f8325df6c9ed4d8310029a55fa361ea"},
    {file = "wrapt-1.13.3-cp38-cp38-macosx_10_9_x86_64.whl", hash = "sha256:b73d4b78807bd299b38e4598b8e7bd34ed55d480160d2e7fdaabd9931afa65f9"},
    {file = "wrapt-1.13.3-cp38-cp38-manylinux_2_5_i686.manylinux1_i686.manylinux_2_12_i686.manylinux2010_i686.whl", hash = "sha256:ec9465dd69d5657b5d2fa6133b3e1e989ae27d29471a672416fd729b429eb554"},
    {file = "wrapt-1.13.3-cp38-cp38-manylinux_2_5_x86_64.manylinux1_x86_64.manylinux_2_12_x86_64.manylinux2010_x86_64.whl", hash = "sha256:dd91006848eb55af2159375134d724032a2d1d13bcc6f81cd8d3ed9f2b8e846c"},
    {file = "wrapt-1.13.3-cp38-cp38-musllinux_1_1_i686.whl", hash = "sha256:ae9de71eb60940e58207f8e71fe113c639da42adb02fb2bcbcaccc1ccecd092b"},
    {file = "wrapt-1.13.3-cp38-cp38-musllinux_1_1_x86_64.whl", hash = "sha256:51799ca950cfee9396a87f4a1240622ac38973b6df5ef7a41e7f0b98797099ce"},
    {file = "wrapt-1.13.3-cp38-cp38-win32.whl", hash = "sha256:4b9c458732450ec42578b5642ac53e312092acf8c0bfce140ada5ca1ac556f79"},
    {file = "wrapt-1.13.3-cp38-cp38-win_amd64.whl", hash = "sha256:7dde79d007cd6dfa65afe404766057c2409316135cb892be4b1c768e3f3a11cb"},
    {file = "wrapt-1.13.3-cp39-cp39-macosx_10_9_x86_64.whl", hash = "sha256:981da26722bebb9247a0601e2922cedf8bb7a600e89c852d063313102de6f2cb"},
    {file = "wrapt-1.13.3-cp39-cp39-manylinux_2_5_i686.manylinux1_i686.manylinux_2_12_i686.manylinux2010_i686.whl", hash = "sha256:705e2af1f7be4707e49ced9153f8d72131090e52be9278b5dbb1498c749a1e32"},
    {file = "wrapt-1.13.3-cp39-cp39-manylinux_2_5_x86_64.manylinux1_x86_64.manylinux_2_12_x86_64.manylinux2010_x86_64.whl", hash = "sha256:25b1b1d5df495d82be1c9d2fad408f7ce5ca8a38085e2da41bb63c914baadff7"},
    {file = "wrapt-1.13.3-cp39-cp39-musllinux_1_1_i686.whl", hash = "sha256:77416e6b17926d953b5c666a3cb718d5945df63ecf922af0ee576206d7033b5e"},
    {file = "wrapt-1.13.3-cp39-cp39-musllinux_1_1_x86_64.whl", hash = "sha256:865c0b50003616f05858b22174c40ffc27a38e67359fa1495605f96125f76640"},
    {file = "wrapt-1.13.3-cp39-cp39-win32.whl", hash = "sha256:0a017a667d1f7411816e4bf214646d0ad5b1da2c1ea13dec6c162736ff25a374"},
    {file = "wrapt-1.13.3-cp39-cp39-win_amd64.whl", hash = "sha256:81bd7c90d28a4b2e1df135bfbd7c23aee3050078ca6441bead44c42483f9ebfb"},
    {file = "wrapt-1.13.3.tar.gz", hash = "sha256:1fea9cd438686e6682271d36f3481a9f3636195578bab9ca3382e2f5f01fc185"},
]
zipp = [
    {file = "zipp-3.7.0-py3-none-any.whl", hash = "sha256:b47250dd24f92b7dd6a0a8fc5244da14608f3ca90a5efcd37a3b1642fac9a375"},
    {file = "zipp-3.7.0.tar.gz", hash = "sha256:9f50f446828eb9d45b267433fd3e9da8d801f614129124863f9c51ebceafb87d"},
]
